
Microsoft Visual Studio Solution File, Format Version 12.00
# Visual Studio Version 17
VisualStudioVersion = 17.6.33815.320
MinimumVisualStudioVersion = 10.0.40219.1
Project("{FAE04EC0-301F-11D3-BF4B-00C04F79EFBC}") = "LinqBasics", "LinqBasics\LinqBasics.csproj", "{B954BA71-BFF7-47C4-8AD5-ED0D3444F10E}"
EndProject
Project("{FAE04EC0-301F-11D3-BF4B-00C04F79EFBC}") = "LinqWhere", "LinqWhere\LinqWhere.csproj", "{E80E52D6-46E9-4C81-9B9B-8CF2824A74F7}"
EndProject
Project("{FAE04EC0-301F-11D3-BF4B-00C04F79EFBC}") = "LinqDevam", "LinqDevam\LinqDevam.csproj", "{38E65FC7-3C7C-4F3B-99F3-E4AD46287B58}"
EndProject
Global
	GlobalSection(SolutionConfigurationPlatforms) = preSolution
		Debug|Any CPU = Debug|Any CPU
		Release|Any CPU = Release|Any CPU
	EndGlobalSection
	GlobalSection(ProjectConfigurationPlatforms) = postSolution
		{B954BA71-BFF7-47C4-8AD5-ED0D3444F10E}.Debug|Any CPU.ActiveCfg = Debug|Any CPU
		{B954BA71-BFF7-47C4-8AD5-ED0D3444F10E}.Debug|Any CPU.Build.0 = Debug|Any CPU
		{B954BA71-BFF7-47C4-8AD5-ED0D3444F10E}.Release|Any CPU.ActiveCfg = Release|Any CPU
		{B954BA71-BFF7-47C4-8AD5-ED0D3444F10E}.Release|Any CPU.Build.0 = Release|Any CPU
		{E80E52D6-46E9-4C81-9B9B-8CF2824A74F7}.Debug|Any CPU.ActiveCfg = Debug|Any CPU
		{E80E52D6-46E9-4C81-9B9B-8CF2824A74F7}.Debug|Any CPU.Build.0 = Debug|Any CPU
		{E80E52D6-46E9-4C81-9B9B-8CF2824A74F7}.Release|Any CPU.ActiveCfg = Release|Any CPU
		{E80E52D6-46E9-4C81-9B9B-8CF2824A74F7}.Release|Any CPU.Build.0 = Release|Any CPU
		{38E65FC7-3C7C-4F3B-99F3-E4AD46287B58}.Debug|Any CPU.ActiveCfg = Debug|Any CPU
		{38E65FC7-3C7C-4F3B-99F3-E4AD46287B58}.Debug|Any CPU.Build.0 = Debug|Any CPU
		{38E65FC7-3C7C-4F3B-99F3-E4AD46287B58}.Release|Any CPU.ActiveCfg = Release|Any CPU
		{38E65FC7-3C7C-4F3B-99F3-E4AD46287B58}.Release|Any CPU.Build.0 = Release|Any CPU
	EndGlobalSection
	GlobalSection(SolutionProperties) = preSolution
		HideSolutionNode = FALSE
	EndGlobalSection
	GlobalSection(ExtensibilityGlobals) = postSolution
		SolutionGuid = {8111F1A6-1519-4844-936A-9FC9378F705F}
	EndGlobalSection
EndGlobal
