
Microsoft Visual Studio Solution File, Format Version 12.00
# Visual Studio Version 17
VisualStudioVersion = 17.6.33829.357
MinimumVisualStudioVersion = 10.0.40219.1
Project("{FAE04EC0-301F-11D3-BF4B-00C04F79EFBC}") = "Generics", "Generics\Generics.csproj", "{3C0BC584-59BE-4550-9A81-A5716B594664}"
EndProject
Project("{FAE04EC0-301F-11D3-BF4B-00C04F79EFBC}") = "Generics2", "Generics2\Generics2.csproj", "{3AD332C6-7BF4-4256-8B04-3291D4263715}"
EndProject
Global
	GlobalSection(SolutionConfigurationPlatforms) = preSolution
		Debug|Any CPU = Debug|Any CPU
		Release|Any CPU = Release|Any CPU
	EndGlobalSection
	GlobalSection(ProjectConfigurationPlatforms) = postSolution
		{3C0BC584-59BE-4550-9A81-A5716B594664}.Debug|Any CPU.ActiveCfg = Debug|Any CPU
		{3C0BC584-59BE-4550-9A81-A5716B594664}.Debug|Any CPU.Build.0 = Debug|Any CPU
		{3C0BC584-59BE-4550-9A81-A5716B594664}.Release|Any CPU.ActiveCfg = Release|Any CPU
		{3C0BC584-59BE-4550-9A81-A5716B594664}.Release|Any CPU.Build.0 = Release|Any CPU
		{3AD332C6-7BF4-4256-8B04-3291D4263715}.Debug|Any CPU.ActiveCfg = Debug|Any CPU
		{3AD332C6-7BF4-4256-8B04-3291D4263715}.Debug|Any CPU.Build.0 = Debug|Any CPU
		{3AD332C6-7BF4-4256-8B04-3291D4263715}.Release|Any CPU.ActiveCfg = Release|Any CPU
		{3AD332C6-7BF4-4256-8B04-3291D4263715}.Release|Any CPU.Build.0 = Release|Any CPU
	EndGlobalSection
	GlobalSection(SolutionProperties) = preSolution
		HideSolutionNode = FALSE
	EndGlobalSection
	GlobalSection(ExtensibilityGlobals) = postSolution
		SolutionGuid = {5C14C3AA-1F11-4195-9588-D3D84F9909C1}
	EndGlobalSection
EndGlobal
