
Microsoft Visual Studio Solution File, Format Version 12.00
# Visual Studio Version 17
VisualStudioVersion = 17.6.33815.320
MinimumVisualStudioVersion = 10.0.40219.1
Project("{FAE04EC0-301F-11D3-BF4B-00C04F79EFBC}") = "interfaceler", "interfaceler\interfaceler.csproj", "{5ED743E2-AB60-46E4-870B-DA40595B2E33}"
EndProject
Project("{FAE04EC0-301F-11D3-BF4B-00C04F79EFBC}") = "interfaceler2", "interfaceler2\interfaceler2.csproj", "{1559C7A6-D142-44C8-AA5D-CC27262A6D9D}"
EndProject
Global
	GlobalSection(SolutionConfigurationPlatforms) = preSolution
		Debug|Any CPU = Debug|Any CPU
		Release|Any CPU = Release|Any CPU
	EndGlobalSection
	GlobalSection(ProjectConfigurationPlatforms) = postSolution
		{5ED743E2-AB60-46E4-870B-DA40595B2E33}.Debug|Any CPU.ActiveCfg = Debug|Any CPU
		{5ED743E2-AB60-46E4-870B-DA40595B2E33}.Debug|Any CPU.Build.0 = Debug|Any CPU
		{5ED743E2-AB60-46E4-870B-DA40595B2E33}.Release|Any CPU.ActiveCfg = Release|Any CPU
		{5ED743E2-AB60-46E4-870B-DA40595B2E33}.Release|Any CPU.Build.0 = Release|Any CPU
		{1559C7A6-D142-44C8-AA5D-CC27262A6D9D}.Debug|Any CPU.ActiveCfg = Debug|Any CPU
		{1559C7A6-D142-44C8-AA5D-CC27262A6D9D}.Debug|Any CPU.Build.0 = Debug|Any CPU
		{1559C7A6-D142-44C8-AA5D-CC27262A6D9D}.Release|Any CPU.ActiveCfg = Release|Any CPU
		{1559C7A6-D142-44C8-AA5D-CC27262A6D9D}.Release|Any CPU.Build.0 = Release|Any CPU
	EndGlobalSection
	GlobalSection(SolutionProperties) = preSolution
		HideSolutionNode = FALSE
	EndGlobalSection
	GlobalSection(ExtensibilityGlobals) = postSolution
		SolutionGuid = {E3EB9CC5-2CE1-4352-8B6A-2537FBA7AA9A}
	EndGlobalSection
EndGlobal
